
Microsoft Visual Studio Solution File, Format Version 12.00
# Visual Studio Version 17
VisualStudioVersion = 17.14.36221.1 d17.14
MinimumVisualStudioVersion = 10.0.40219.1
Project("{FAE04EC0-301F-11D3-BF4B-00C04F79EFBC}") = "DiaryApi", "DiaryApi.csproj", "{A5A8C81A-04AC-424D-A308-7E4C2F87D65B}"
EndProject
Global
	GlobalSection(SolutionConfigurationPlatforms) = preSolution
		Debug|Any CPU = Debug|Any CPU
		Release|Any CPU = Release|Any CPU
	EndGlobalSection
	GlobalSection(ProjectConfigurationPlatforms) = postSolution
		{A5A8C81A-04AC-424D-A308-7E4C2F87D65B}.Debug|Any CPU.ActiveCfg = Debug|Any CPU
		{A5A8C81A-04AC-424D-A308-7E4C2F87D65B}.Debug|Any CPU.Build.0 = Debug|Any CPU
		{A5A8C81A-04AC-424D-A308-7E4C2F87D65B}.Release|Any CPU.ActiveCfg = Release|Any CPU
		{A5A8C81A-04AC-424D-A308-7E4C2F87D65B}.Release|Any CPU.Build.0 = Release|Any CPU
	EndGlobalSection
	GlobalSection(SolutionProperties) = preSolution
		HideSolutionNode = FALSE
	EndGlobalSection
	GlobalSection(ExtensibilityGlobals) = postSolution
		SolutionGuid = {B70255FB-B69F-442E-A52B-5DF26A4D5FD7}
	EndGlobalSection
EndGlobal
